
Microsoft Visual Studio Solution File, Format Version 12.00
# Visual Studio Version 16
VisualStudioVersion = 16.0.31005.135
MinimumVisualStudioVersion = 10.0.40219.1
Project("{FAE04EC0-301F-11D3-BF4B-00C04F79EFBC}") = "72. Modificadores de parametro params", "72. Modificadores de parametro params\72. Modificadores de parametro params.csproj", "{3ABEBAD5-6116-468A-94F8-9A4CB94A7802}"
EndProject
Global
	GlobalSection(SolutionConfigurationPlatforms) = preSolution
		Debug|Any CPU = Debug|Any CPU
		Release|Any CPU = Release|Any CPU
	EndGlobalSection
	GlobalSection(ProjectConfigurationPlatforms) = postSolution
		{3ABEBAD5-6116-468A-94F8-9A4CB94A7802}.Debug|Any CPU.ActiveCfg = Debug|Any CPU
		{3ABEBAD5-6116-468A-94F8-9A4CB94A7802}.Debug|Any CPU.Build.0 = Debug|Any CPU
		{3ABEBAD5-6116-468A-94F8-9A4CB94A7802}.Release|Any CPU.ActiveCfg = Release|Any CPU
		{3ABEBAD5-6116-468A-94F8-9A4CB94A7802}.Release|Any CPU.Build.0 = Release|Any CPU
	EndGlobalSection
	GlobalSection(SolutionProperties) = preSolution
		HideSolutionNode = FALSE
	EndGlobalSection
	GlobalSection(ExtensibilityGlobals) = postSolution
		SolutionGuid = {98A68BE2-47F7-4505-A841-A7B092E0844C}
	EndGlobalSection
EndGlobal
