
Microsoft Visual Studio Solution File, Format Version 12.00
# Visual Studio Version 16
VisualStudioVersion = 16.0.31005.135
MinimumVisualStudioVersion = 10.0.40219.1
Project("{FAE04EC0-301F-11D3-BF4B-00C04F79EFBC}") = "87.Sintaxe Alternativa - ternaria", "87.Sintaxe Alternativa - ternaria\87.Sintaxe Alternativa - ternaria.csproj", "{0E15CEAD-9317-4EAF-B3B3-9F52380F3D48}"
EndProject
Global
	GlobalSection(SolutionConfigurationPlatforms) = preSolution
		Debug|Any CPU = Debug|Any CPU
		Release|Any CPU = Release|Any CPU
	EndGlobalSection
	GlobalSection(ProjectConfigurationPlatforms) = postSolution
		{0E15CEAD-9317-4EAF-B3B3-9F52380F3D48}.Debug|Any CPU.ActiveCfg = Debug|Any CPU
		{0E15CEAD-9317-4EAF-B3B3-9F52380F3D48}.Debug|Any CPU.Build.0 = Debug|Any CPU
		{0E15CEAD-9317-4EAF-B3B3-9F52380F3D48}.Release|Any CPU.ActiveCfg = Release|Any CPU
		{0E15CEAD-9317-4EAF-B3B3-9F52380F3D48}.Release|Any CPU.Build.0 = Release|Any CPU
	EndGlobalSection
	GlobalSection(SolutionProperties) = preSolution
		HideSolutionNode = FALSE
	EndGlobalSection
	GlobalSection(ExtensibilityGlobals) = postSolution
		SolutionGuid = {D2E93023-C88E-48B4-887D-DF8CD3864711}
	EndGlobalSection
EndGlobal
