
Microsoft Visual Studio Solution File, Format Version 12.00
# Visual Studio Version 16
VisualStudioVersion = 16.0.31005.135
MinimumVisualStudioVersion = 10.0.40219.1
Project("{FAE04EC0-301F-11D3-BF4B-00C04F79EFBC}") = "116. Design", "116. Design\116. Design.csproj", "{2DF32E90-2991-4DE0-9433-05DBC101105F}"
EndProject
Global
	GlobalSection(SolutionConfigurationPlatforms) = preSolution
		Debug|Any CPU = Debug|Any CPU
		Release|Any CPU = Release|Any CPU
	EndGlobalSection
	GlobalSection(ProjectConfigurationPlatforms) = postSolution
		{2DF32E90-2991-4DE0-9433-05DBC101105F}.Debug|Any CPU.ActiveCfg = Debug|Any CPU
		{2DF32E90-2991-4DE0-9433-05DBC101105F}.Debug|Any CPU.Build.0 = Debug|Any CPU
		{2DF32E90-2991-4DE0-9433-05DBC101105F}.Release|Any CPU.ActiveCfg = Release|Any CPU
		{2DF32E90-2991-4DE0-9433-05DBC101105F}.Release|Any CPU.Build.0 = Release|Any CPU
	EndGlobalSection
	GlobalSection(SolutionProperties) = preSolution
		HideSolutionNode = FALSE
	EndGlobalSection
	GlobalSection(ExtensibilityGlobals) = postSolution
		SolutionGuid = {EB06DB37-3A8E-42FB-A6D3-2D90C72AED6A}
	EndGlobalSection
EndGlobal
