
Microsoft Visual Studio Solution File, Format Version 12.00
# Visual Studio Version 16
VisualStudioVersion = 16.0.31005.135
MinimumVisualStudioVersion = 10.0.40219.1
Project("{FAE04EC0-301F-11D3-BF4B-00C04F79EFBC}") = "30.Funcoes", "30.Funcoes\30.Funcoes.csproj", "{2568F0C4-47D2-4612-AC9D-DCDE2E562463}"
EndProject
Global
	GlobalSection(SolutionConfigurationPlatforms) = preSolution
		Debug|Any CPU = Debug|Any CPU
		Release|Any CPU = Release|Any CPU
	EndGlobalSection
	GlobalSection(ProjectConfigurationPlatforms) = postSolution
		{2568F0C4-47D2-4612-AC9D-DCDE2E562463}.Debug|Any CPU.ActiveCfg = Debug|Any CPU
		{2568F0C4-47D2-4612-AC9D-DCDE2E562463}.Debug|Any CPU.Build.0 = Debug|Any CPU
		{2568F0C4-47D2-4612-AC9D-DCDE2E562463}.Release|Any CPU.ActiveCfg = Release|Any CPU
		{2568F0C4-47D2-4612-AC9D-DCDE2E562463}.Release|Any CPU.Build.0 = Release|Any CPU
	EndGlobalSection
	GlobalSection(SolutionProperties) = preSolution
		HideSolutionNode = FALSE
	EndGlobalSection
	GlobalSection(ExtensibilityGlobals) = postSolution
		SolutionGuid = {46CD10B6-12D5-49F8-A782-4860991D13BC}
	EndGlobalSection
EndGlobal
