
Microsoft Visual Studio Solution File, Format Version 12.00
# Visual Studio Version 16
VisualStudioVersion = 16.0.31005.135
MinimumVisualStudioVersion = 10.0.40219.1
Project("{FAE04EC0-301F-11D3-BF4B-00C04F79EFBC}") = "115.Enumeracoes", "115.Enumeracoes\115.Enumeracoes.csproj", "{D6479DA2-6782-4E5D-A901-F754D85C8117}"
EndProject
Global
	GlobalSection(SolutionConfigurationPlatforms) = preSolution
		Debug|Any CPU = Debug|Any CPU
		Release|Any CPU = Release|Any CPU
	EndGlobalSection
	GlobalSection(ProjectConfigurationPlatforms) = postSolution
		{D6479DA2-6782-4E5D-A901-F754D85C8117}.Debug|Any CPU.ActiveCfg = Debug|Any CPU
		{D6479DA2-6782-4E5D-A901-F754D85C8117}.Debug|Any CPU.Build.0 = Debug|Any CPU
		{D6479DA2-6782-4E5D-A901-F754D85C8117}.Release|Any CPU.ActiveCfg = Release|Any CPU
		{D6479DA2-6782-4E5D-A901-F754D85C8117}.Release|Any CPU.Build.0 = Release|Any CPU
	EndGlobalSection
	GlobalSection(SolutionProperties) = preSolution
		HideSolutionNode = FALSE
	EndGlobalSection
	GlobalSection(ExtensibilityGlobals) = postSolution
		SolutionGuid = {1E429C79-7EE9-4C8C-B107-4434FFA770AB}
	EndGlobalSection
EndGlobal
