
Microsoft Visual Studio Solution File, Format Version 12.00
# Visual Studio Version 16
VisualStudioVersion = 16.0.31005.135
MinimumVisualStudioVersion = 10.0.40219.1
Project("{FAE04EC0-301F-11D3-BF4B-00C04F79EFBC}") = "46.Membros estaticos 1", "46.Membros estaticos 1\46.Membros estaticos 1.csproj", "{11B6D610-776B-4FFE-8C86-21F75CD9142D}"
EndProject
Global
	GlobalSection(SolutionConfigurationPlatforms) = preSolution
		Debug|Any CPU = Debug|Any CPU
		Release|Any CPU = Release|Any CPU
	EndGlobalSection
	GlobalSection(ProjectConfigurationPlatforms) = postSolution
		{11B6D610-776B-4FFE-8C86-21F75CD9142D}.Debug|Any CPU.ActiveCfg = Debug|Any CPU
		{11B6D610-776B-4FFE-8C86-21F75CD9142D}.Debug|Any CPU.Build.0 = Debug|Any CPU
		{11B6D610-776B-4FFE-8C86-21F75CD9142D}.Release|Any CPU.ActiveCfg = Release|Any CPU
		{11B6D610-776B-4FFE-8C86-21F75CD9142D}.Release|Any CPU.Build.0 = Release|Any CPU
	EndGlobalSection
	GlobalSection(SolutionProperties) = preSolution
		HideSolutionNode = FALSE
	EndGlobalSection
	GlobalSection(ExtensibilityGlobals) = postSolution
		SolutionGuid = {6CC33F86-4870-4EE9-A281-393170883C2B}
	EndGlobalSection
EndGlobal
