
Microsoft Visual Studio Solution File, Format Version 12.00
# Visual Studio Version 16
VisualStudioVersion = 16.0.31005.135
MinimumVisualStudioVersion = 10.0.40219.1
Project("{FAE04EC0-301F-11D3-BF4B-00C04F79EFBC}") = "117. Composicao", "117. Composicao\117. Composicao.csproj", "{05B71629-8958-49A3-A7FD-BFC416007946}"
EndProject
Global
	GlobalSection(SolutionConfigurationPlatforms) = preSolution
		Debug|Any CPU = Debug|Any CPU
		Release|Any CPU = Release|Any CPU
	EndGlobalSection
	GlobalSection(ProjectConfigurationPlatforms) = postSolution
		{05B71629-8958-49A3-A7FD-BFC416007946}.Debug|Any CPU.ActiveCfg = Debug|Any CPU
		{05B71629-8958-49A3-A7FD-BFC416007946}.Debug|Any CPU.Build.0 = Debug|Any CPU
		{05B71629-8958-49A3-A7FD-BFC416007946}.Release|Any CPU.ActiveCfg = Release|Any CPU
		{05B71629-8958-49A3-A7FD-BFC416007946}.Release|Any CPU.Build.0 = Release|Any CPU
	EndGlobalSection
	GlobalSection(SolutionProperties) = preSolution
		HideSolutionNode = FALSE
	EndGlobalSection
	GlobalSection(ExtensibilityGlobals) = postSolution
		SolutionGuid = {1E5E50BA-1958-495E-952C-135037CFCC58}
	EndGlobalSection
EndGlobal
