
Microsoft Visual Studio Solution File, Format Version 12.00
# Visual Studio Version 16
VisualStudioVersion = 16.0.31005.135
MinimumVisualStudioVersion = 10.0.40219.1
Project("{FAE04EC0-301F-11D3-BF4B-00C04F79EFBC}") = "73.Modificadores de parametros", "73.Modificadores de parametros\73.Modificadores de parametros.csproj", "{5900D603-009C-4033-BFEB-7A7A91D37792}"
EndProject
Global
	GlobalSection(SolutionConfigurationPlatforms) = preSolution
		Debug|Any CPU = Debug|Any CPU
		Release|Any CPU = Release|Any CPU
	EndGlobalSection
	GlobalSection(ProjectConfigurationPlatforms) = postSolution
		{5900D603-009C-4033-BFEB-7A7A91D37792}.Debug|Any CPU.ActiveCfg = Debug|Any CPU
		{5900D603-009C-4033-BFEB-7A7A91D37792}.Debug|Any CPU.Build.0 = Debug|Any CPU
		{5900D603-009C-4033-BFEB-7A7A91D37792}.Release|Any CPU.ActiveCfg = Release|Any CPU
		{5900D603-009C-4033-BFEB-7A7A91D37792}.Release|Any CPU.Build.0 = Release|Any CPU
	EndGlobalSection
	GlobalSection(SolutionProperties) = preSolution
		HideSolutionNode = FALSE
	EndGlobalSection
	GlobalSection(ExtensibilityGlobals) = postSolution
		SolutionGuid = {BB9F8349-12A7-45C0-8369-9F575EA0BF95}
	EndGlobalSection
EndGlobal
