
Microsoft Visual Studio Solution File, Format Version 12.00
# Visual Studio Version 16
VisualStudioVersion = 16.0.31005.135
MinimumVisualStudioVersion = 10.0.40219.1
Project("{FAE04EC0-301F-11D3-BF4B-00C04F79EFBC}") = "199.ExerciciosFixacao", "199.ExerciciosFixacao\199.ExerciciosFixacao.csproj", "{0922AA5B-67DD-4951-A2E8-21487A79C060}"
EndProject
Global
	GlobalSection(SolutionConfigurationPlatforms) = preSolution
		Debug|Any CPU = Debug|Any CPU
		Release|Any CPU = Release|Any CPU
	EndGlobalSection
	GlobalSection(ProjectConfigurationPlatforms) = postSolution
		{0922AA5B-67DD-4951-A2E8-21487A79C060}.Debug|Any CPU.ActiveCfg = Debug|Any CPU
		{0922AA5B-67DD-4951-A2E8-21487A79C060}.Debug|Any CPU.Build.0 = Debug|Any CPU
		{0922AA5B-67DD-4951-A2E8-21487A79C060}.Release|Any CPU.ActiveCfg = Release|Any CPU
		{0922AA5B-67DD-4951-A2E8-21487A79C060}.Release|Any CPU.Build.0 = Release|Any CPU
	EndGlobalSection
	GlobalSection(SolutionProperties) = preSolution
		HideSolutionNode = FALSE
	EndGlobalSection
	GlobalSection(ExtensibilityGlobals) = postSolution
		SolutionGuid = {ECF07C5E-F2A0-4717-A571-14EBB438CCE9}
	EndGlobalSection
EndGlobal
