
Microsoft Visual Studio Solution File, Format Version 12.00
# Visual Studio Version 16
VisualStudioVersion = 16.0.31005.135
MinimumVisualStudioVersion = 10.0.40219.1
Project("{FAE04EC0-301F-11D3-BF4B-00C04F79EFBC}") = "72.Modificadores de parametro", "72.Modificadores de parametro\72.Modificadores de parametro.csproj", "{F8CE8FD4-884F-486D-B20E-86AA872F9FDC}"
EndProject
Global
	GlobalSection(SolutionConfigurationPlatforms) = preSolution
		Debug|Any CPU = Debug|Any CPU
		Release|Any CPU = Release|Any CPU
	EndGlobalSection
	GlobalSection(ProjectConfigurationPlatforms) = postSolution
		{F8CE8FD4-884F-486D-B20E-86AA872F9FDC}.Debug|Any CPU.ActiveCfg = Debug|Any CPU
		{F8CE8FD4-884F-486D-B20E-86AA872F9FDC}.Debug|Any CPU.Build.0 = Debug|Any CPU
		{F8CE8FD4-884F-486D-B20E-86AA872F9FDC}.Release|Any CPU.ActiveCfg = Release|Any CPU
		{F8CE8FD4-884F-486D-B20E-86AA872F9FDC}.Release|Any CPU.Build.0 = Release|Any CPU
	EndGlobalSection
	GlobalSection(SolutionProperties) = preSolution
		HideSolutionNode = FALSE
	EndGlobalSection
	GlobalSection(ExtensibilityGlobals) = postSolution
		SolutionGuid = {1E751802-2CD9-4656-8A91-03D48332519A}
	EndGlobalSection
EndGlobal
