
Microsoft Visual Studio Solution File, Format Version 12.00
# Visual Studio Version 16
VisualStudioVersion = 16.0.31005.135
MinimumVisualStudioVersion = 10.0.40219.1
Project("{FAE04EC0-301F-11D3-BF4B-00C04F79EFBC}") = "217.ExtensionMethods", "217.ExtensionMethods\217.ExtensionMethods.csproj", "{077C1505-86FB-4D39-B10E-36657556461E}"
EndProject
Global
	GlobalSection(SolutionConfigurationPlatforms) = preSolution
		Debug|Any CPU = Debug|Any CPU
		Release|Any CPU = Release|Any CPU
	EndGlobalSection
	GlobalSection(ProjectConfigurationPlatforms) = postSolution
		{077C1505-86FB-4D39-B10E-36657556461E}.Debug|Any CPU.ActiveCfg = Debug|Any CPU
		{077C1505-86FB-4D39-B10E-36657556461E}.Debug|Any CPU.Build.0 = Debug|Any CPU
		{077C1505-86FB-4D39-B10E-36657556461E}.Release|Any CPU.ActiveCfg = Release|Any CPU
		{077C1505-86FB-4D39-B10E-36657556461E}.Release|Any CPU.Build.0 = Release|Any CPU
	EndGlobalSection
	GlobalSection(SolutionProperties) = preSolution
		HideSolutionNode = FALSE
	EndGlobalSection
	GlobalSection(ExtensibilityGlobals) = postSolution
		SolutionGuid = {56B8BB6B-BB14-460B-801A-1E22D21E3013}
	EndGlobalSection
EndGlobal
