
Microsoft Visual Studio Solution File, Format Version 12.00
# Visual Studio Version 16
VisualStudioVersion = 16.0.31005.135
MinimumVisualStudioVersion = 10.0.40219.1
Project("{FAE04EC0-301F-11D3-BF4B-00C04F79EFBC}") = "228.LinqComLambda", "228.LinqComLambda\228.LinqComLambda.csproj", "{DE60A356-3B8C-4544-B0D3-B7180419BC1C}"
EndProject
Global
	GlobalSection(SolutionConfigurationPlatforms) = preSolution
		Debug|Any CPU = Debug|Any CPU
		Release|Any CPU = Release|Any CPU
	EndGlobalSection
	GlobalSection(ProjectConfigurationPlatforms) = postSolution
		{DE60A356-3B8C-4544-B0D3-B7180419BC1C}.Debug|Any CPU.ActiveCfg = Debug|Any CPU
		{DE60A356-3B8C-4544-B0D3-B7180419BC1C}.Debug|Any CPU.Build.0 = Debug|Any CPU
		{DE60A356-3B8C-4544-B0D3-B7180419BC1C}.Release|Any CPU.ActiveCfg = Release|Any CPU
		{DE60A356-3B8C-4544-B0D3-B7180419BC1C}.Release|Any CPU.Build.0 = Release|Any CPU
	EndGlobalSection
	GlobalSection(SolutionProperties) = preSolution
		HideSolutionNode = FALSE
	EndGlobalSection
	GlobalSection(ExtensibilityGlobals) = postSolution
		SolutionGuid = {F100B705-1C31-4FCF-A413-8E1BB0B989AD}
	EndGlobalSection
EndGlobal
