
Microsoft Visual Studio Solution File, Format Version 12.00
# Visual Studio Version 16
VisualStudioVersion = 16.0.31005.135
MinimumVisualStudioVersion = 10.0.40219.1
Project("{FAE04EC0-301F-11D3-BF4B-00C04F79EFBC}") = "74. boxing e unboxing", "74. boxing e unboxing\74. boxing e unboxing.csproj", "{FFE78390-F071-4E46-BEAD-0F108C7F6535}"
EndProject
Global
	GlobalSection(SolutionConfigurationPlatforms) = preSolution
		Debug|Any CPU = Debug|Any CPU
		Release|Any CPU = Release|Any CPU
	EndGlobalSection
	GlobalSection(ProjectConfigurationPlatforms) = postSolution
		{FFE78390-F071-4E46-BEAD-0F108C7F6535}.Debug|Any CPU.ActiveCfg = Debug|Any CPU
		{FFE78390-F071-4E46-BEAD-0F108C7F6535}.Debug|Any CPU.Build.0 = Debug|Any CPU
		{FFE78390-F071-4E46-BEAD-0F108C7F6535}.Release|Any CPU.ActiveCfg = Release|Any CPU
		{FFE78390-F071-4E46-BEAD-0F108C7F6535}.Release|Any CPU.Build.0 = Release|Any CPU
	EndGlobalSection
	GlobalSection(SolutionProperties) = preSolution
		HideSolutionNode = FALSE
	EndGlobalSection
	GlobalSection(ExtensibilityGlobals) = postSolution
		SolutionGuid = {E3023D8C-0655-4842-B8A9-23EC962B0909}
	EndGlobalSection
EndGlobal
