
Microsoft Visual Studio Solution File, Format Version 12.00
# Visual Studio Version 16
VisualStudioVersion = 16.0.31005.135
MinimumVisualStudioVersion = 10.0.40219.1
Project("{FAE04EC0-301F-11D3-BF4B-00C04F79EFBC}") = "76.Listas(List)", "76.Listas(List)\76.Listas(List).csproj", "{8CBEE15A-60ED-4163-9BB1-E7D578573099}"
EndProject
Global
	GlobalSection(SolutionConfigurationPlatforms) = preSolution
		Debug|Any CPU = Debug|Any CPU
		Release|Any CPU = Release|Any CPU
	EndGlobalSection
	GlobalSection(ProjectConfigurationPlatforms) = postSolution
		{8CBEE15A-60ED-4163-9BB1-E7D578573099}.Debug|Any CPU.ActiveCfg = Debug|Any CPU
		{8CBEE15A-60ED-4163-9BB1-E7D578573099}.Debug|Any CPU.Build.0 = Debug|Any CPU
		{8CBEE15A-60ED-4163-9BB1-E7D578573099}.Release|Any CPU.ActiveCfg = Release|Any CPU
		{8CBEE15A-60ED-4163-9BB1-E7D578573099}.Release|Any CPU.Build.0 = Release|Any CPU
	EndGlobalSection
	GlobalSection(SolutionProperties) = preSolution
		HideSolutionNode = FALSE
	EndGlobalSection
	GlobalSection(ExtensibilityGlobals) = postSolution
		SolutionGuid = {42633883-7B88-4CE8-B438-0578530C53A0}
	EndGlobalSection
EndGlobal
