
Microsoft Visual Studio Solution File, Format Version 12.00
# Visual Studio Version 16
VisualStudioVersion = 16.0.31005.135
MinimumVisualStudioVersion = 10.0.40219.1
Project("{FAE04EC0-301F-11D3-BF4B-00C04F79EFBC}") = "81. Exercicio fixacao - matrizes", "81. Exercicio fixacao - matrizes\81. Exercicio fixacao - matrizes.csproj", "{D8AB3225-26F4-4DFF-B4D2-D61BDFACE216}"
EndProject
Global
	GlobalSection(SolutionConfigurationPlatforms) = preSolution
		Debug|Any CPU = Debug|Any CPU
		Release|Any CPU = Release|Any CPU
	EndGlobalSection
	GlobalSection(ProjectConfigurationPlatforms) = postSolution
		{D8AB3225-26F4-4DFF-B4D2-D61BDFACE216}.Debug|Any CPU.ActiveCfg = Debug|Any CPU
		{D8AB3225-26F4-4DFF-B4D2-D61BDFACE216}.Debug|Any CPU.Build.0 = Debug|Any CPU
		{D8AB3225-26F4-4DFF-B4D2-D61BDFACE216}.Release|Any CPU.ActiveCfg = Release|Any CPU
		{D8AB3225-26F4-4DFF-B4D2-D61BDFACE216}.Release|Any CPU.Build.0 = Release|Any CPU
	EndGlobalSection
	GlobalSection(SolutionProperties) = preSolution
		HideSolutionNode = FALSE
	EndGlobalSection
	GlobalSection(ExtensibilityGlobals) = postSolution
		SolutionGuid = {160BA107-8AEB-42FC-90B0-25BEDE8A5587}
	EndGlobalSection
EndGlobal
