
Microsoft Visual Studio Solution File, Format Version 12.00
# Visual Studio Version 16
VisualStudioVersion = 16.0.31005.135
MinimumVisualStudioVersion = 10.0.40219.1
Project("{FAE04EC0-301F-11D3-BF4B-00C04F79EFBC}") = "38. Resolvendo Problema sem OO", "38. Resolvendo Problema sem OO\38. Resolvendo Problema sem OO.csproj", "{3CE73FD4-B176-4482-97AA-524CBE705C4F}"
EndProject
Global
	GlobalSection(SolutionConfigurationPlatforms) = preSolution
		Debug|Any CPU = Debug|Any CPU
		Release|Any CPU = Release|Any CPU
	EndGlobalSection
	GlobalSection(ProjectConfigurationPlatforms) = postSolution
		{3CE73FD4-B176-4482-97AA-524CBE705C4F}.Debug|Any CPU.ActiveCfg = Debug|Any CPU
		{3CE73FD4-B176-4482-97AA-524CBE705C4F}.Debug|Any CPU.Build.0 = Debug|Any CPU
		{3CE73FD4-B176-4482-97AA-524CBE705C4F}.Release|Any CPU.ActiveCfg = Release|Any CPU
		{3CE73FD4-B176-4482-97AA-524CBE705C4F}.Release|Any CPU.Build.0 = Release|Any CPU
	EndGlobalSection
	GlobalSection(SolutionProperties) = preSolution
		HideSolutionNode = FALSE
	EndGlobalSection
	GlobalSection(ExtensibilityGlobals) = postSolution
		SolutionGuid = {5E9EDCB0-F42D-4018-8BCA-EBCAEFE1E00F}
	EndGlobalSection
EndGlobal
