
Microsoft Visual Studio Solution File, Format Version 12.00
# Visual Studio Version 16
VisualStudioVersion = 16.0.29215.179
MinimumVisualStudioVersion = 10.0.40219.1
Project("{FAE04EC0-301F-11D3-BF4B-00C04F79EFBC}") = "Anotacao03_OperadoresAritmeticos", "Anotacao03_OperadoresAritmeticos\Anotacao03_OperadoresAritmeticos.csproj", "{C31A3410-15CB-48B3-8669-AE0BBE0864BC}"
EndProject
Global
	GlobalSection(SolutionConfigurationPlatforms) = preSolution
		Debug|Any CPU = Debug|Any CPU
		Release|Any CPU = Release|Any CPU
	EndGlobalSection
	GlobalSection(ProjectConfigurationPlatforms) = postSolution
		{C31A3410-15CB-48B3-8669-AE0BBE0864BC}.Debug|Any CPU.ActiveCfg = Debug|Any CPU
		{C31A3410-15CB-48B3-8669-AE0BBE0864BC}.Debug|Any CPU.Build.0 = Debug|Any CPU
		{C31A3410-15CB-48B3-8669-AE0BBE0864BC}.Release|Any CPU.ActiveCfg = Release|Any CPU
		{C31A3410-15CB-48B3-8669-AE0BBE0864BC}.Release|Any CPU.Build.0 = Release|Any CPU
	EndGlobalSection
	GlobalSection(SolutionProperties) = preSolution
		HideSolutionNode = FALSE
	EndGlobalSection
	GlobalSection(ExtensibilityGlobals) = postSolution
		SolutionGuid = {1DD2122F-5A47-46AA-89A8-F12E6D1DE20F}
	EndGlobalSection
EndGlobal
