
Microsoft Visual Studio Solution File, Format Version 12.00
# Visual Studio Version 16
VisualStudioVersion = 16.0.31005.135
MinimumVisualStudioVersion = 10.0.40219.1
Project("{FAE04EC0-301F-11D3-BF4B-00C04F79EFBC}") = "194.Interfaces", "194.Interfaces\194.Interfaces.csproj", "{4CB17E29-33F0-4F68-9E40-9BA2C28716BA}"
EndProject
Global
	GlobalSection(SolutionConfigurationPlatforms) = preSolution
		Debug|Any CPU = Debug|Any CPU
		Release|Any CPU = Release|Any CPU
	EndGlobalSection
	GlobalSection(ProjectConfigurationPlatforms) = postSolution
		{4CB17E29-33F0-4F68-9E40-9BA2C28716BA}.Debug|Any CPU.ActiveCfg = Debug|Any CPU
		{4CB17E29-33F0-4F68-9E40-9BA2C28716BA}.Debug|Any CPU.Build.0 = Debug|Any CPU
		{4CB17E29-33F0-4F68-9E40-9BA2C28716BA}.Release|Any CPU.ActiveCfg = Release|Any CPU
		{4CB17E29-33F0-4F68-9E40-9BA2C28716BA}.Release|Any CPU.Build.0 = Release|Any CPU
	EndGlobalSection
	GlobalSection(SolutionProperties) = preSolution
		HideSolutionNode = FALSE
	EndGlobalSection
	GlobalSection(ExtensibilityGlobals) = postSolution
		SolutionGuid = {28B16CB7-08D8-4C72-AF1C-9724EDE3FE89}
	EndGlobalSection
EndGlobal
