
Microsoft Visual Studio Solution File, Format Version 12.00
# Visual Studio Version 16
VisualStudioVersion = 16.0.31005.135
MinimumVisualStudioVersion = 10.0.40219.1
Project("{FAE04EC0-301F-11D3-BF4B-00C04F79EFBC}") = "85.Inferencia de tipo-var", "85.Inferencia de tipo-var\85.Inferencia de tipo-var.csproj", "{03CCC440-9DBF-45F8-A8D1-85F38CB40EEE}"
EndProject
Global
	GlobalSection(SolutionConfigurationPlatforms) = preSolution
		Debug|Any CPU = Debug|Any CPU
		Release|Any CPU = Release|Any CPU
	EndGlobalSection
	GlobalSection(ProjectConfigurationPlatforms) = postSolution
		{03CCC440-9DBF-45F8-A8D1-85F38CB40EEE}.Debug|Any CPU.ActiveCfg = Debug|Any CPU
		{03CCC440-9DBF-45F8-A8D1-85F38CB40EEE}.Debug|Any CPU.Build.0 = Debug|Any CPU
		{03CCC440-9DBF-45F8-A8D1-85F38CB40EEE}.Release|Any CPU.ActiveCfg = Release|Any CPU
		{03CCC440-9DBF-45F8-A8D1-85F38CB40EEE}.Release|Any CPU.Build.0 = Release|Any CPU
	EndGlobalSection
	GlobalSection(SolutionProperties) = preSolution
		HideSolutionNode = FALSE
	EndGlobalSection
	GlobalSection(ExtensibilityGlobals) = postSolution
		SolutionGuid = {2AED1005-2C3F-456A-AB42-12EC55DBA177}
	EndGlobalSection
EndGlobal
