
Microsoft Visual Studio Solution File, Format Version 12.00
# Visual Studio Version 16
VisualStudioVersion = 16.0.31005.135
MinimumVisualStudioVersion = 10.0.40219.1
Project("{FAE04EC0-301F-11D3-BF4B-00C04F79EFBC}") = "45. Exercicios Propostos 1", "45. Exercicios Propostos 1\45. Exercicios Propostos 1.csproj", "{712F9C82-AB97-422F-879A-6A2AB8CCBA42}"
EndProject
Global
	GlobalSection(SolutionConfigurationPlatforms) = preSolution
		Debug|Any CPU = Debug|Any CPU
		Release|Any CPU = Release|Any CPU
	EndGlobalSection
	GlobalSection(ProjectConfigurationPlatforms) = postSolution
		{712F9C82-AB97-422F-879A-6A2AB8CCBA42}.Debug|Any CPU.ActiveCfg = Debug|Any CPU
		{712F9C82-AB97-422F-879A-6A2AB8CCBA42}.Debug|Any CPU.Build.0 = Debug|Any CPU
		{712F9C82-AB97-422F-879A-6A2AB8CCBA42}.Release|Any CPU.ActiveCfg = Release|Any CPU
		{712F9C82-AB97-422F-879A-6A2AB8CCBA42}.Release|Any CPU.Build.0 = Release|Any CPU
	EndGlobalSection
	GlobalSection(SolutionProperties) = preSolution
		HideSolutionNode = FALSE
	EndGlobalSection
	GlobalSection(ExtensibilityGlobals) = postSolution
		SolutionGuid = {03883F28-8971-4D1B-B841-B78F8F18B52A}
	EndGlobalSection
EndGlobal
