
Microsoft Visual Studio Solution File, Format Version 12.00
# Visual Studio Version 16
VisualStudioVersion = 16.0.31005.135
MinimumVisualStudioVersion = 10.0.40219.1
Project("{FAE04EC0-301F-11D3-BF4B-00C04F79EFBC}") = "131.Exercicio Resolvido", "131.Exercicio Resolvido\131.Exercicio Resolvido.csproj", "{DECB1D08-7510-44B0-973C-8269F131EC3B}"
EndProject
Global
	GlobalSection(SolutionConfigurationPlatforms) = preSolution
		Debug|Any CPU = Debug|Any CPU
		Release|Any CPU = Release|Any CPU
	EndGlobalSection
	GlobalSection(ProjectConfigurationPlatforms) = postSolution
		{DECB1D08-7510-44B0-973C-8269F131EC3B}.Debug|Any CPU.ActiveCfg = Debug|Any CPU
		{DECB1D08-7510-44B0-973C-8269F131EC3B}.Debug|Any CPU.Build.0 = Debug|Any CPU
		{DECB1D08-7510-44B0-973C-8269F131EC3B}.Release|Any CPU.ActiveCfg = Release|Any CPU
		{DECB1D08-7510-44B0-973C-8269F131EC3B}.Release|Any CPU.Build.0 = Release|Any CPU
	EndGlobalSection
	GlobalSection(SolutionProperties) = preSolution
		HideSolutionNode = FALSE
	EndGlobalSection
	GlobalSection(ExtensibilityGlobals) = postSolution
		SolutionGuid = {8E71B8D8-9AAC-4791-B9AC-DE41E2916AAC}
	EndGlobalSection
EndGlobal
