
Microsoft Visual Studio Solution File, Format Version 12.00
# Visual Studio Version 16
VisualStudioVersion = 16.0.31005.135
MinimumVisualStudioVersion = 10.0.40219.1
Project("{FAE04EC0-301F-11D3-BF4B-00C04F79EFBC}") = "222.MulticastDelegates", "222.MulticastDelegates\222.MulticastDelegates.csproj", "{AB6CE032-E064-45BC-BD67-4F8BACF3E329}"
EndProject
Global
	GlobalSection(SolutionConfigurationPlatforms) = preSolution
		Debug|Any CPU = Debug|Any CPU
		Release|Any CPU = Release|Any CPU
	EndGlobalSection
	GlobalSection(ProjectConfigurationPlatforms) = postSolution
		{AB6CE032-E064-45BC-BD67-4F8BACF3E329}.Debug|Any CPU.ActiveCfg = Debug|Any CPU
		{AB6CE032-E064-45BC-BD67-4F8BACF3E329}.Debug|Any CPU.Build.0 = Debug|Any CPU
		{AB6CE032-E064-45BC-BD67-4F8BACF3E329}.Release|Any CPU.ActiveCfg = Release|Any CPU
		{AB6CE032-E064-45BC-BD67-4F8BACF3E329}.Release|Any CPU.Build.0 = Release|Any CPU
	EndGlobalSection
	GlobalSection(SolutionProperties) = preSolution
		HideSolutionNode = FALSE
	EndGlobalSection
	GlobalSection(ExtensibilityGlobals) = postSolution
		SolutionGuid = {E2D13817-F8C9-4232-9D21-97A57FCF3624}
	EndGlobalSection
EndGlobal
