
Microsoft Visual Studio Solution File, Format Version 12.00
# Visual Studio Version 16
VisualStudioVersion = 16.0.31005.135
MinimumVisualStudioVersion = 10.0.40219.1
Project("{FAE04EC0-301F-11D3-BF4B-00C04F79EFBC}") = "52. Sobrecarga", "52. Sobrecarga\52. Sobrecarga.csproj", "{7608285B-1D66-41EB-BCA5-3079835365FC}"
EndProject
Global
	GlobalSection(SolutionConfigurationPlatforms) = preSolution
		Debug|Any CPU = Debug|Any CPU
		Release|Any CPU = Release|Any CPU
	EndGlobalSection
	GlobalSection(ProjectConfigurationPlatforms) = postSolution
		{7608285B-1D66-41EB-BCA5-3079835365FC}.Debug|Any CPU.ActiveCfg = Debug|Any CPU
		{7608285B-1D66-41EB-BCA5-3079835365FC}.Debug|Any CPU.Build.0 = Debug|Any CPU
		{7608285B-1D66-41EB-BCA5-3079835365FC}.Release|Any CPU.ActiveCfg = Release|Any CPU
		{7608285B-1D66-41EB-BCA5-3079835365FC}.Release|Any CPU.Build.0 = Release|Any CPU
	EndGlobalSection
	GlobalSection(SolutionProperties) = preSolution
		HideSolutionNode = FALSE
	EndGlobalSection
	GlobalSection(ExtensibilityGlobals) = postSolution
		SolutionGuid = {6B75E367-976D-4B92-99BC-6B928598D79E}
	EndGlobalSection
EndGlobal
