
Microsoft Visual Studio Solution File, Format Version 12.00
# Visual Studio Version 16
VisualStudioVersion = 16.0.31005.135
MinimumVisualStudioVersion = 10.0.40219.1
Project("{9A19103F-16F7-4668-BE54-9A1E7A4F7556}") = "_202.Interface", "202.IComparable\_202.Interface.csproj", "{526C7DC7-0F6C-4814-A5C6-8D9FCB6723B0}"
EndProject
Global
	GlobalSection(SolutionConfigurationPlatforms) = preSolution
		Debug|Any CPU = Debug|Any CPU
		Release|Any CPU = Release|Any CPU
	EndGlobalSection
	GlobalSection(ProjectConfigurationPlatforms) = postSolution
		{526C7DC7-0F6C-4814-A5C6-8D9FCB6723B0}.Debug|Any CPU.ActiveCfg = Debug|Any CPU
		{526C7DC7-0F6C-4814-A5C6-8D9FCB6723B0}.Debug|Any CPU.Build.0 = Debug|Any CPU
		{526C7DC7-0F6C-4814-A5C6-8D9FCB6723B0}.Release|Any CPU.ActiveCfg = Release|Any CPU
		{526C7DC7-0F6C-4814-A5C6-8D9FCB6723B0}.Release|Any CPU.Build.0 = Release|Any CPU
	EndGlobalSection
	GlobalSection(SolutionProperties) = preSolution
		HideSolutionNode = FALSE
	EndGlobalSection
	GlobalSection(ExtensibilityGlobals) = postSolution
		SolutionGuid = {E39EADCE-CF4A-4DD0-8140-6850D273A551}
	EndGlobalSection
EndGlobal
