
Microsoft Visual Studio Solution File, Format Version 12.00
# Visual Studio Version 16
VisualStudioVersion = 16.0.31005.135
MinimumVisualStudioVersion = 10.0.40219.1
Project("{FAE04EC0-301F-11D3-BF4B-00C04F79EFBC}") = "143.Excecoes personalizadas", "143.Excecoes personalizadas\143.Excecoes personalizadas.csproj", "{A0CC6267-3FE2-4FA1-B5E6-1FE9B128186B}"
EndProject
Global
	GlobalSection(SolutionConfigurationPlatforms) = preSolution
		Debug|Any CPU = Debug|Any CPU
		Release|Any CPU = Release|Any CPU
	EndGlobalSection
	GlobalSection(ProjectConfigurationPlatforms) = postSolution
		{A0CC6267-3FE2-4FA1-B5E6-1FE9B128186B}.Debug|Any CPU.ActiveCfg = Debug|Any CPU
		{A0CC6267-3FE2-4FA1-B5E6-1FE9B128186B}.Debug|Any CPU.Build.0 = Debug|Any CPU
		{A0CC6267-3FE2-4FA1-B5E6-1FE9B128186B}.Release|Any CPU.ActiveCfg = Release|Any CPU
		{A0CC6267-3FE2-4FA1-B5E6-1FE9B128186B}.Release|Any CPU.Build.0 = Release|Any CPU
	EndGlobalSection
	GlobalSection(SolutionProperties) = preSolution
		HideSolutionNode = FALSE
	EndGlobalSection
	GlobalSection(ExtensibilityGlobals) = postSolution
		SolutionGuid = {F3732AF5-00E3-4C4F-A5EE-9872C4A4378C}
	EndGlobalSection
EndGlobal
